// !$*UTF8*$!
{
	archiveVersion = 1;
	classes = {
	};
	objectVersion = 56;
	objects = {

/* Begin PBXBuildFile section */
		560728932C57F8A40092D009 /* OffersNetworkProvider.swift in Sources */ = {isa = PBXBuildFile; fileRef = 560728922C57F8A40092D009 /* OffersNetworkProvider.swift */; };
		56401A172C57E80600D75659 /* AppDelegate.swift in Sources */ = {isa = PBXBuildFile; fileRef = 56401A162C57E80600D75659 /* AppDelegate.swift */; };
		56401A192C57E80600D75659 /* SceneDelegate.swift in Sources */ = {isa = PBXBuildFile; fileRef = 56401A182C57E80600D75659 /* SceneDelegate.swift */; };
		56401A1B2C57E80600D75659 /* OffersViewController.swift in Sources */ = {isa = PBXBuildFile; fileRef = 56401A1A2C57E80600D75659 /* OffersViewController.swift */; };
		56401A212C57E80600D75659 /* NewsApp.xcdatamodeld in Sources */ = {isa = PBXBuildFile; fileRef = 56401A1F2C57E80600D75659 /* NewsApp.xcdatamodeld */; };
		56401A232C57E80700D75659 /* Assets.xcassets in Resources */ = {isa = PBXBuildFile; fileRef = 56401A222C57E80700D75659 /* Assets.xcassets */; };
		56401A262C57E80700D75659 /* Base in Resources */ = {isa = PBXBuildFile; fileRef = 56401A252C57E80700D75659 /* Base */; };
		56401A312C57E80700D75659 /* NewsAppTests.swift in Sources */ = {isa = PBXBuildFile; fileRef = 56401A302C57E80700D75659 /* NewsAppTests.swift */; };
		56401A3B2C57E80700D75659 /* NewsAppUITests.swift in Sources */ = {isa = PBXBuildFile; fileRef = 56401A3A2C57E80700D75659 /* NewsAppUITests.swift */; };
		56401A3D2C57E80700D75659 /* NewsAppUITestsLaunchTests.swift in Sources */ = {isa = PBXBuildFile; fileRef = 56401A3C2C57E80700D75659 /* NewsAppUITestsLaunchTests.swift */; };
		565893B42C5811E400D707FB /* OffersPayload.swift in Sources */ = {isa = PBXBuildFile; fileRef = 565893B32C5811E400D707FB /* OffersPayload.swift */; };
		565893B72C58202500D707FB /* UIImageView.swift in Sources */ = {isa = PBXBuildFile; fileRef = 565893B62C58202500D707FB /* UIImageView.swift */; };
		565893B92C582EF500D707FB /* OffersViewConfiguration.swift in Sources */ = {isa = PBXBuildFile; fileRef = 565893B82C582EF500D707FB /* OffersViewConfiguration.swift */; };
		56810BB82C58329F002AAC62 /* OffersManager.swift in Sources */ = {isa = PBXBuildFile; fileRef = 56810BB72C58329F002AAC62 /* OffersManager.swift */; };
		56810BBB2C584ABF002AAC62 /* TitleView.swift in Sources */ = {isa = PBXBuildFile; fileRef = 56810BBA2C584ABF002AAC62 /* TitleView.swift */; };
		56810BBD2C584CAA002AAC62 /* HeaderView.swift in Sources */ = {isa = PBXBuildFile; fileRef = 56810BBC2C584CAA002AAC62 /* HeaderView.swift */; };
		56810BC22C585663002AAC62 /* OfferView.swift in Sources */ = {isa = PBXBuildFile; fileRef = 56810BC12C585663002AAC62 /* OfferView.swift */; };
		56810BC42C585AB0002AAC62 /* SelectionView.swift in Sources */ = {isa = PBXBuildFile; fileRef = 56810BC32C585AB0002AAC62 /* SelectionView.swift */; };
		56810BC62C58642C002AAC62 /* OffersMockProvider.swift in Sources */ = {isa = PBXBuildFile; fileRef = 56810BC52C58642C002AAC62 /* OffersMockProvider.swift */; };
		56810BC82C587754002AAC62 /* BenefitsView.swift in Sources */ = {isa = PBXBuildFile; fileRef = 56810BC72C587754002AAC62 /* BenefitsView.swift */; };
		56810BCC2C58897C002AAC62 /* SubscribeView.swift in Sources */ = {isa = PBXBuildFile; fileRef = 56810BCB2C58897C002AAC62 /* SubscribeView.swift */; };
		56810BCE2C588D3A002AAC62 /* String.swift in Sources */ = {isa = PBXBuildFile; fileRef = 56810BCD2C588D3A002AAC62 /* String.swift */; };
		56810BD02C58A129002AAC62 /* HomeViewController.swift in Sources */ = {isa = PBXBuildFile; fileRef = 56810BCF2C58A129002AAC62 /* HomeViewController.swift */; };
/* End PBXBuildFile section */

/* Begin PBXContainerItemProxy section */
		56401A2D2C57E80700D75659 /* PBXContainerItemProxy */ = {
			isa = PBXContainerItemProxy;
			containerPortal = 56401A0B2C57E80600D75659 /* Project object */;
			proxyType = 1;
			remoteGlobalIDString = 56401A122C57E80600D75659;
			remoteInfo = NewsApp;
		};
		56401A372C57E80700D75659 /* PBXContainerItemProxy */ = {
			isa = PBXContainerItemProxy;
			containerPortal = 56401A0B2C57E80600D75659 /* Project object */;
			proxyType = 1;
			remoteGlobalIDString = 56401A122C57E80600D75659;
			remoteInfo = NewsApp;
		};
/* End PBXContainerItemProxy section */

/* Begin PBXFileReference section */
		560728922C57F8A40092D009 /* OffersNetworkProvider.swift */ = {isa = PBXFileReference; lastKnownFileType = sourcecode.swift; path = OffersNetworkProvider.swift; sourceTree = "<group>"; };
		56401A132C57E80600D75659 /* NewsApp.app */ = {isa = PBXFileReference; explicitFileType = wrapper.application; includeInIndex = 0; path = NewsApp.app; sourceTree = BUILT_PRODUCTS_DIR; };
		56401A162C57E80600D75659 /* AppDelegate.swift */ = {isa = PBXFileReference; lastKnownFileType = sourcecode.swift; path = AppDelegate.swift; sourceTree = "<group>"; };
		56401A182C57E80600D75659 /* SceneDelegate.swift */ = {isa = PBXFileReference; lastKnownFileType = sourcecode.swift; path = SceneDelegate.swift; sourceTree = "<group>"; };
		56401A1A2C57E80600D75659 /* OffersViewController.swift */ = {isa = PBXFileReference; lastKnownFileType = sourcecode.swift; path = OffersViewController.swift; sourceTree = "<group>"; };
		56401A202C57E80600D75659 /* NewsApp.xcdatamodel */ = {isa = PBXFileReference; lastKnownFileType = wrapper.xcdatamodel; path = NewsApp.xcdatamodel; sourceTree = "<group>"; };
		56401A222C57E80700D75659 /* Assets.xcassets */ = {isa = PBXFileReference; lastKnownFileType = folder.assetcatalog; path = Assets.xcassets; sourceTree = "<group>"; };
		56401A252C57E80700D75659 /* Base */ = {isa = PBXFileReference; lastKnownFileType = file.storyboard; name = Base; path = Base.lproj/LaunchScreen.storyboard; sourceTree = "<group>"; };
		56401A272C57E80700D75659 /* Info.plist */ = {isa = PBXFileReference; lastKnownFileType = text.plist.xml; path = Info.plist; sourceTree = "<group>"; };
		56401A2C2C57E80700D75659 /* NewsAppTests.xctest */ = {isa = PBXFileReference; explicitFileType = wrapper.cfbundle; includeInIndex = 0; path = NewsAppTests.xctest; sourceTree = BUILT_PRODUCTS_DIR; };
		56401A302C57E80700D75659 /* NewsAppTests.swift */ = {isa = PBXFileReference; lastKnownFileType = sourcecode.swift; path = NewsAppTests.swift; sourceTree = "<group>"; };
		56401A362C57E80700D75659 /* NewsAppUITests.xctest */ = {isa = PBXFileReference; explicitFileType = wrapper.cfbundle; includeInIndex = 0; path = NewsAppUITests.xctest; sourceTree = BUILT_PRODUCTS_DIR; };
		56401A3A2C57E80700D75659 /* NewsAppUITests.swift */ = {isa = PBXFileReference; lastKnownFileType = sourcecode.swift; path = NewsAppUITests.swift; sourceTree = "<group>"; };
		56401A3C2C57E80700D75659 /* NewsAppUITestsLaunchTests.swift */ = {isa = PBXFileReference; lastKnownFileType = sourcecode.swift; path = NewsAppUITestsLaunchTests.swift; sourceTree = "<group>"; };
		565893B32C5811E400D707FB /* OffersPayload.swift */ = {isa = PBXFileReference; lastKnownFileType = sourcecode.swift; path = OffersPayload.swift; sourceTree = "<group>"; };
		565893B62C58202500D707FB /* UIImageView.swift */ = {isa = PBXFileReference; lastKnownFileType = sourcecode.swift; path = UIImageView.swift; sourceTree = "<group>"; };
		565893B82C582EF500D707FB /* OffersViewConfiguration.swift */ = {isa = PBXFileReference; lastKnownFileType = sourcecode.swift; path = OffersViewConfiguration.swift; sourceTree = "<group>"; };
		56810BB72C58329F002AAC62 /* OffersManager.swift */ = {isa = PBXFileReference; lastKnownFileType = sourcecode.swift; path = OffersManager.swift; sourceTree = "<group>"; };
		56810BBA2C584ABF002AAC62 /* TitleView.swift */ = {isa = PBXFileReference; lastKnownFileType = sourcecode.swift; path = TitleView.swift; sourceTree = "<group>"; };
		56810BBC2C584CAA002AAC62 /* HeaderView.swift */ = {isa = PBXFileReference; lastKnownFileType = sourcecode.swift; path = HeaderView.swift; sourceTree = "<group>"; };
		56810BC12C585663002AAC62 /* OfferView.swift */ = {isa = PBXFileReference; lastKnownFileType = sourcecode.swift; path = OfferView.swift; sourceTree = "<group>"; };
		56810BC32C585AB0002AAC62 /* SelectionView.swift */ = {isa = PBXFileReference; lastKnownFileType = sourcecode.swift; path = SelectionView.swift; sourceTree = "<group>"; };
		56810BC52C58642C002AAC62 /* OffersMockProvider.swift */ = {isa = PBXFileReference; lastKnownFileType = sourcecode.swift; path = OffersMockProvider.swift; sourceTree = "<group>"; };
		56810BC72C587754002AAC62 /* BenefitsView.swift */ = {isa = PBXFileReference; lastKnownFileType = sourcecode.swift; path = BenefitsView.swift; sourceTree = "<group>"; };
		56810BCB2C58897C002AAC62 /* SubscribeView.swift */ = {isa = PBXFileReference; lastKnownFileType = sourcecode.swift; path = SubscribeView.swift; sourceTree = "<group>"; };
		56810BCD2C588D3A002AAC62 /* String.swift */ = {isa = PBXFileReference; lastKnownFileType = sourcecode.swift; path = String.swift; sourceTree = "<group>"; };
		56810BCF2C58A129002AAC62 /* HomeViewController.swift */ = {isa = PBXFileReference; lastKnownFileType = sourcecode.swift; path = HomeViewController.swift; sourceTree = "<group>"; };
/* End PBXFileReference section */

/* Begin PBXFrameworksBuildPhase section */
		56401A102C57E80600D75659 /* Frameworks */ = {
			isa = PBXFrameworksBuildPhase;
			buildActionMask = 2147483647;
			files = (
			);
			runOnlyForDeploymentPostprocessing = 0;
		};
		56401A292C57E80700D75659 /* Frameworks */ = {
			isa = PBXFrameworksBuildPhase;
			buildActionMask = 2147483647;
			files = (
			);
			runOnlyForDeploymentPostprocessing = 0;
		};
		56401A332C57E80700D75659 /* Frameworks */ = {
			isa = PBXFrameworksBuildPhase;
			buildActionMask = 2147483647;
			files = (
			);
			runOnlyForDeploymentPostprocessing = 0;
		};
/* End PBXFrameworksBuildPhase section */

/* Begin PBXGroup section */
		560728912C57F19B0092D009 /* Network */ = {
			isa = PBXGroup;
			children = (
				560728922C57F8A40092D009 /* OffersNetworkProvider.swift */,
				56810BC52C58642C002AAC62 /* OffersMockProvider.swift */,
				565893B32C5811E400D707FB /* OffersPayload.swift */,
			);
			path = Network;
			sourceTree = "<group>";
		};
		5607289F2C580B6D0092D009 /* Controller */ = {
			isa = PBXGroup;
			children = (
				56810BD12C58A12F002AAC62 /* Home */,
				56810BB92C584AA2002AAC62 /* Offers */,
			);
			path = Controller;
			sourceTree = "<group>";
		};
		56401A0A2C57E80600D75659 = {
			isa = PBXGroup;
			children = (
				56401A152C57E80600D75659 /* NewsApp */,
				56401A2F2C57E80700D75659 /* NewsAppTests */,
				56401A392C57E80700D75659 /* NewsAppUITests */,
				56401A142C57E80600D75659 /* Products */,
			);
			sourceTree = "<group>";
		};
		56401A142C57E80600D75659 /* Products */ = {
			isa = PBXGroup;
			children = (
				56401A132C57E80600D75659 /* NewsApp.app */,
				56401A2C2C57E80700D75659 /* NewsAppTests.xctest */,
				56401A362C57E80700D75659 /* NewsAppUITests.xctest */,
			);
			name = Products;
			sourceTree = "<group>";
		};
		56401A152C57E80600D75659 /* NewsApp */ = {
			isa = PBXGroup;
			children = (
				56401A162C57E80600D75659 /* AppDelegate.swift */,
				56401A182C57E80600D75659 /* SceneDelegate.swift */,
				5607289F2C580B6D0092D009 /* Controller */,
				560728912C57F19B0092D009 /* Network */,
				565893B52C58200200D707FB /* Extension */,
				56401A222C57E80700D75659 /* Assets.xcassets */,
				56401A242C57E80700D75659 /* LaunchScreen.storyboard */,
				56401A272C57E80700D75659 /* Info.plist */,
				56401A1F2C57E80600D75659 /* NewsApp.xcdatamodeld */,
			);
			path = NewsApp;
			sourceTree = "<group>";
		};
		56401A2F2C57E80700D75659 /* NewsAppTests */ = {
			isa = PBXGroup;
			children = (
				56401A302C57E80700D75659 /* NewsAppTests.swift */,
			);
			path = NewsAppTests;
			sourceTree = "<group>";
		};
		56401A392C57E80700D75659 /* NewsAppUITests */ = {
			isa = PBXGroup;
			children = (
				56401A3A2C57E80700D75659 /* NewsAppUITests.swift */,
				56401A3C2C57E80700D75659 /* NewsAppUITestsLaunchTests.swift */,
			);
			path = NewsAppUITests;
			sourceTree = "<group>";
		};
		565893B52C58200200D707FB /* Extension */ = {
			isa = PBXGroup;
			children = (
				565893B62C58202500D707FB /* UIImageView.swift */,
				56810BCD2C588D3A002AAC62 /* String.swift */,
			);
			path = Extension;
			sourceTree = "<group>";
		};
		56810BB92C584AA2002AAC62 /* Offers */ = {
			isa = PBXGroup;
			children = (
				56810BBE2C584CCA002AAC62 /* Views */,
				56401A1A2C57E80600D75659 /* OffersViewController.swift */,
				565893B82C582EF500D707FB /* OffersViewConfiguration.swift */,
				56810BB72C58329F002AAC62 /* OffersManager.swift */,
			);
			path = Offers;
			sourceTree = "<group>";
		};
		56810BBE2C584CCA002AAC62 /* Views */ = {
			isa = PBXGroup;
			children = (
				56810BBC2C584CAA002AAC62 /* HeaderView.swift */,
				56810BBA2C584ABF002AAC62 /* TitleView.swift */,
				56810BC12C585663002AAC62 /* OfferView.swift */,
				56810BC32C585AB0002AAC62 /* SelectionView.swift */,
				56810BC72C587754002AAC62 /* BenefitsView.swift */,
				56810BCB2C58897C002AAC62 /* SubscribeView.swift */,
			);
			path = Views;
			sourceTree = "<group>";
		};
		56810BD12C58A12F002AAC62 /* Home */ = {
			isa = PBXGroup;
			children = (
				56810BCF2C58A129002AAC62 /* HomeViewController.swift */,
			);
			path = Home;
			sourceTree = "<group>";
		};
/* End PBXGroup section */

/* Begin PBXNativeTarget section */
		56401A122C57E80600D75659 /* NewsApp */ = {
			isa = PBXNativeTarget;
			buildConfigurationList = 56401A402C57E80700D75659 /* Build configuration list for PBXNativeTarget "NewsApp" */;
			buildPhases = (
				56401A0F2C57E80600D75659 /* Sources */,
				56401A102C57E80600D75659 /* Frameworks */,
				56401A112C57E80600D75659 /* Resources */,
			);
			buildRules = (
			);
			dependencies = (
			);
			name = NewsApp;
			productName = NewsApp;
			productReference = 56401A132C57E80600D75659 /* NewsApp.app */;
			productType = "com.apple.product-type.application";
		};
		56401A2B2C57E80700D75659 /* NewsAppTests */ = {
			isa = PBXNativeTarget;
			buildConfigurationList = 56401A432C57E80700D75659 /* Build configuration list for PBXNativeTarget "NewsAppTests" */;
			buildPhases = (
				56401A282C57E80700D75659 /* Sources */,
				56401A292C57E80700D75659 /* Frameworks */,
				56401A2A2C57E80700D75659 /* Resources */,
			);
			buildRules = (
			);
			dependencies = (
				56401A2E2C57E80700D75659 /* PBXTargetDependency */,
			);
			name = NewsAppTests;
			productName = NewsAppTests;
			productReference = 56401A2C2C57E80700D75659 /* NewsAppTests.xctest */;
			productType = "com.apple.product-type.bundle.unit-test";
		};
		56401A352C57E80700D75659 /* NewsAppUITests */ = {
			isa = PBXNativeTarget;
			buildConfigurationList = 56401A462C57E80700D75659 /* Build configuration list for PBXNativeTarget "NewsAppUITests" */;
			buildPhases = (
				56401A322C57E80700D75659 /* Sources */,
				56401A332C57E80700D75659 /* Frameworks */,
				56401A342C57E80700D75659 /* Resources */,
			);
			buildRules = (
			);
			dependencies = (
				56401A382C57E80700D75659 /* PBXTargetDependency */,
			);
			name = NewsAppUITests;
			productName = NewsAppUITests;
			productReference = 56401A362C57E80700D75659 /* NewsAppUITests.xctest */;
			productType = "com.apple.product-type.bundle.ui-testing";
		};
/* End PBXNativeTarget section */

/* Begin PBXProject section */
		56401A0B2C57E80600D75659 /* Project object */ = {
			isa = PBXProject;
			attributes = {
				BuildIndependentTargetsInParallel = 1;
				LastSwiftUpdateCheck = 1540;
				LastUpgradeCheck = 1540;
				TargetAttributes = {
					56401A122C57E80600D75659 = {
						CreatedOnToolsVersion = 15.4;
					};
					56401A2B2C57E80700D75659 = {
						CreatedOnToolsVersion = 15.4;
						TestTargetID = 56401A122C57E80600D75659;
					};
					56401A352C57E80700D75659 = {
						CreatedOnToolsVersion = 15.4;
						TestTargetID = 56401A122C57E80600D75659;
					};
				};
			};
			buildConfigurationList = 56401A0E2C57E80600D75659 /* Build configuration list for PBXProject "NewsApp" */;
			compatibilityVersion = "Xcode 14.0";
			developmentRegion = en;
			hasScannedForEncodings = 0;
			knownRegions = (
				en,
				Base,
			);
			mainGroup = 56401A0A2C57E80600D75659;
			productRefGroup = 56401A142C57E80600D75659 /* Products */;
			projectDirPath = "";
			projectRoot = "";
			targets = (
				56401A122C57E80600D75659 /* NewsApp */,
				56401A2B2C57E80700D75659 /* NewsAppTests */,
				56401A352C57E80700D75659 /* NewsAppUITests */,
			);
		};
/* End PBXProject section */

/* Begin PBXResourcesBuildPhase section */
		56401A112C57E80600D75659 /* Resources */ = {
			isa = PBXResourcesBuildPhase;
			buildActionMask = 2147483647;
			files = (
				56401A232C57E80700D75659 /* Assets.xcassets in Resources */,
				56401A262C57E80700D75659 /* Base in Resources */,
			);
			runOnlyForDeploymentPostprocessing = 0;
		};
		56401A2A2C57E80700D75659 /* Resources */ = {
			isa = PBXResourcesBuildPhase;
			buildActionMask = 2147483647;
			files = (
			);
			runOnlyForDeploymentPostprocessing = 0;
		};
		56401A342C57E80700D75659 /* Resources */ = {
			isa = PBXResourcesBuildPhase;
			buildActionMask = 2147483647;
			files = (
			);
			runOnlyForDeploymentPostprocessing = 0;
		};
/* End PBXResourcesBuildPhase section */

/* Begin PBXSourcesBuildPhase section */
		56401A0F2C57E80600D75659 /* Sources */ = {
			isa = PBXSourcesBuildPhase;
			buildActionMask = 2147483647;
			files = (
				56810BB82C58329F002AAC62 /* OffersManager.swift in Sources */,
				56401A1B2C57E80600D75659 /* OffersViewController.swift in Sources */,
				56810BC42C585AB0002AAC62 /* SelectionView.swift in Sources */,
				565893B42C5811E400D707FB /* OffersPayload.swift in Sources */,
				565893B72C58202500D707FB /* UIImageView.swift in Sources */,
				56810BD02C58A129002AAC62 /* HomeViewController.swift in Sources */,
				56401A172C57E80600D75659 /* AppDelegate.swift in Sources */,
				560728932C57F8A40092D009 /* OffersNetworkProvider.swift in Sources */,
				56401A212C57E80600D75659 /* NewsApp.xcdatamodeld in Sources */,
				56810BC82C587754002AAC62 /* BenefitsView.swift in Sources */,
				56810BC22C585663002AAC62 /* OfferView.swift in Sources */,
				56810BBD2C584CAA002AAC62 /* HeaderView.swift in Sources */,
				56810BCC2C58897C002AAC62 /* SubscribeView.swift in Sources */,
				56401A192C57E80600D75659 /* SceneDelegate.swift in Sources */,
				565893B92C582EF500D707FB /* OffersViewConfiguration.swift in Sources */,
				56810BCE2C588D3A002AAC62 /* String.swift in Sources */,
				56810BBB2C584ABF002AAC62 /* TitleView.swift in Sources */,
				56810BC62C58642C002AAC62 /* OffersMockProvider.swift in Sources */,
			);
			runOnlyForDeploymentPostprocessing = 0;
		};
		56401A282C57E80700D75659 /* Sources */ = {
			isa = PBXSourcesBuildPhase;
			buildActionMask = 2147483647;
			files = (
				56401A312C57E80700D75659 /* NewsAppTests.swift in Sources */,
			);
			runOnlyForDeploymentPostprocessing = 0;
		};
		56401A322C57E80700D75659 /* Sources */ = {
			isa = PBXSourcesBuildPhase;
			buildActionMask = 2147483647;
			files = (
				56401A3B2C57E80700D75659 /* NewsAppUITests.swift in Sources */,
				56401A3D2C57E80700D75659 /* NewsAppUITestsLaunchTests.swift in Sources */,
			);
			runOnlyForDeploymentPostprocessing = 0;
		};
/* End PBXSourcesBuildPhase section */

/* Begin PBXTargetDependency section */
		56401A2E2C57E80700D75659 /* PBXTargetDependency */ = {
			isa = PBXTargetDependency;
			target = 56401A122C57E80600D75659 /* NewsApp */;
			targetProxy = 56401A2D2C57E80700D75659 /* PBXContainerItemProxy */;
		};
		56401A382C57E80700D75659 /* PBXTargetDependency */ = {
			isa = PBXTargetDependency;
			target = 56401A122C57E80600D75659 /* NewsApp */;
			targetProxy = 56401A372C57E80700D75659 /* PBXContainerItemProxy */;
		};
/* End PBXTargetDependency section */

/* Begin PBXVariantGroup section */
		56401A242C57E80700D75659 /* LaunchScreen.storyboard */ = {
			isa = PBXVariantGroup;
			children = (
				56401A252C57E80700D75659 /* Base */,
			);
			name = LaunchScreen.storyboard;
			sourceTree = "<group>";
		};
/* End PBXVariantGroup section */

/* Begin XCBuildConfiguration section */
		56401A3E2C57E80700D75659 /* Debug */ = {
			isa = XCBuildConfiguration;
			buildSettings = {
				ALWAYS_SEARCH_USER_PATHS = NO;
				ASSETCATALOG_COMPILER_GENERATE_SWIFT_ASSET_SYMBOL_EXTENSIONS = YES;
				CLANG_ANALYZER_NONNULL = YES;
				CLANG_ANALYZER_NUMBER_OBJECT_CONVERSION = YES_AGGRESSIVE;
				CLANG_CXX_LANGUAGE_STANDARD = "gnu++20";
				CLANG_ENABLE_MODULES = YES;
				CLANG_ENABLE_OBJC_ARC = YES;
				CLANG_ENABLE_OBJC_WEAK = YES;
				CLANG_WARN_BLOCK_CAPTURE_AUTORELEASING = YES;
				CLANG_WARN_BOOL_CONVERSION = YES;
				CLANG_WARN_COMMA = YES;
				CLANG_WARN_CONSTANT_CONVERSION = YES;
				CLANG_WARN_DEPRECATED_OBJC_IMPLEMENTATIONS = YES;
				CLANG_WARN_DIRECT_OBJC_ISA_USAGE = YES_ERROR;
				CLANG_WARN_DOCUMENTATION_COMMENTS = YES;
				CLANG_WARN_EMPTY_BODY = YES;
				CLANG_WARN_ENUM_CONVERSION = YES;
				CLANG_WARN_INFINITE_RECURSION = YES;
				CLANG_WARN_INT_CONVERSION = YES;
				CLANG_WARN_NON_LITERAL_NULL_CONVERSION = YES;
				CLANG_WARN_OBJC_IMPLICIT_RETAIN_SELF = YES;
				CLANG_WARN_OBJC_LITERAL_CONVERSION = YES;
				CLANG_WARN_OBJC_ROOT_CLASS = YES_ERROR;
				CLANG_WARN_QUOTED_INCLUDE_IN_FRAMEWORK_HEADER = YES;
				CLANG_WARN_RANGE_LOOP_ANALYSIS = YES;
				CLANG_WARN_STRICT_PROTOTYPES = YES;
				CLANG_WARN_SUSPICIOUS_MOVE = YES;
				CLANG_WARN_UNGUARDED_AVAILABILITY = YES_AGGRESSIVE;
				CLANG_WARN_UNREACHABLE_CODE = YES;
				CLANG_WARN__DUPLICATE_METHOD_MATCH = YES;
				COPY_PHASE_STRIP = NO;
				DEBUG_INFORMATION_FORMAT = dwarf;
				ENABLE_STRICT_OBJC_MSGSEND = YES;
				ENABLE_TESTABILITY = YES;
				ENABLE_USER_SCRIPT_SANDBOXING = YES;
				GCC_C_LANGUAGE_STANDARD = gnu17;
				GCC_DYNAMIC_NO_PIC = NO;
				GCC_NO_COMMON_BLOCKS = YES;
				GCC_OPTIMIZATION_LEVEL = 0;
				GCC_PREPROCESSOR_DEFINITIONS = (
					"DEBUG=1",
					"$(inherited)",
				);
				GCC_WARN_64_TO_32_BIT_CONVERSION = YES;
				GCC_WARN_ABOUT_RETURN_TYPE = YES_ERROR;
				GCC_WARN_UNDECLARED_SELECTOR = YES;
				GCC_WARN_UNINITIALIZED_AUTOS = YES_AGGRESSIVE;
				GCC_WARN_UNUSED_FUNCTION = YES;
				GCC_WARN_UNUSED_VARIABLE = YES;
				IPHONEOS_DEPLOYMENT_TARGET = 13.0;
				LOCALIZATION_PREFERS_STRING_CATALOGS = YES;
				MTL_ENABLE_DEBUG_INFO = INCLUDE_SOURCE;
				MTL_FAST_MATH = YES;
				ONLY_ACTIVE_ARCH = YES;
				SDKROOT = iphoneos;
				SWIFT_ACTIVE_COMPILATION_CONDITIONS = "DEBUG $(inherited)";
				SWIFT_OPTIMIZATION_LEVEL = "-Onone";
			};
			name = Debug;
		};
		56401A3F2C57E80700D75659 /* Release */ = {
			isa = XCBuildConfiguration;
			buildSettings = {
				ALWAYS_SEARCH_USER_PATHS = NO;
				ASSETCATALOG_COMPILER_GENERATE_SWIFT_ASSET_SYMBOL_EXTENSIONS = YES;
				CLANG_ANALYZER_NONNULL = YES;
				CLANG_ANALYZER_NUMBER_OBJECT_CONVERSION = YES_AGGRESSIVE;
				CLANG_CXX_LANGUAGE_STANDARD = "gnu++20";
				CLANG_ENABLE_MODULES = YES;
				CLANG_ENABLE_OBJC_ARC = YES;
				CLANG_ENABLE_OBJC_WEAK = YES;
				CLANG_WARN_BLOCK_CAPTURE_AUTORELEASING = YES;
				CLANG_WARN_BOOL_CONVERSION = YES;
				CLANG_WARN_COMMA = YES;
				CLANG_WARN_CONSTANT_CONVERSION = YES;
				CLANG_WARN_DEPRECATED_OBJC_IMPLEMENTATIONS = YES;
				CLANG_WARN_DIRECT_OBJC_ISA_USAGE = YES_ERROR;
				CLANG_WARN_DOCUMENTATION_COMMENTS = YES;
				CLANG_WARN_EMPTY_BODY = YES;
				CLANG_WARN_ENUM_CONVERSION = YES;
				CLANG_WARN_INFINITE_RECURSION = YES;
				CLANG_WARN_INT_CONVERSION = YES;
				CLANG_WARN_NON_LITERAL_NULL_CONVERSION = YES;
				CLANG_WARN_OBJC_IMPLICIT_RETAIN_SELF = YES;
				CLANG_WARN_OBJC_LITERAL_CONVERSION = YES;
				CLANG_WARN_OBJC_ROOT_CLASS = YES_ERROR;
				CLANG_WARN_QUOTED_INCLUDE_IN_FRAMEWORK_HEADER = YES;
				CLANG_WARN_RANGE_LOOP_ANALYSIS = YES;
				CLANG_WARN_STRICT_PROTOTYPES = YES;
				CLANG_WARN_SUSPICIOUS_MOVE = YES;
				CLANG_WARN_UNGUARDED_AVAILABILITY = YES_AGGRESSIVE;
				CLANG_WARN_UNREACHABLE_CODE = YES;
				CLANG_WARN__DUPLICATE_METHOD_MATCH = YES;
				COPY_PHASE_STRIP = NO;
				DEBUG_INFORMATION_FORMAT = "dwarf-with-dsym";
				ENABLE_NS_ASSERTIONS = NO;
				ENABLE_STRICT_OBJC_MSGSEND = YES;
				ENABLE_USER_SCRIPT_SANDBOXING = YES;
				GCC_C_LANGUAGE_STANDARD = gnu17;
				GCC_NO_COMMON_BLOCKS = YES;
				GCC_WARN_64_TO_32_BIT_CONVERSION = YES;
				GCC_WARN_ABOUT_RETURN_TYPE = YES_ERROR;
				GCC_WARN_UNDECLARED_SELECTOR = YES;
				GCC_WARN_UNINITIALIZED_AUTOS = YES_AGGRESSIVE;
				GCC_WARN_UNUSED_FUNCTION = YES;
				GCC_WARN_UNUSED_VARIABLE = YES;
				IPHONEOS_DEPLOYMENT_TARGET = 13.0;
				LOCALIZATION_PREFERS_STRING_CATALOGS = YES;
				MTL_ENABLE_DEBUG_INFO = NO;
				MTL_FAST_MATH = YES;
				SDKROOT = iphoneos;
				SWIFT_COMPILATION_MODE = wholemodule;
				VALIDATE_PRODUCT = YES;
			};
			name = Release;
		};
		56401A412C57E80700D75659 /* Debug */ = {
			isa = XCBuildConfiguration;
			buildSettings = {
				ASSETCATALOG_COMPILER_APPICON_NAME = AppIcon;
				ASSETCATALOG_COMPILER_GLOBAL_ACCENT_COLOR_NAME = AccentColor;
				CODE_SIGN_STYLE = Automatic;
				CURRENT_PROJECT_VERSION = 1;
				DEVELOPMENT_TEAM = 5MSP4455P9;
				GENERATE_INFOPLIST_FILE = YES;
				INFOPLIST_FILE = NewsApp/Info.plist;
				INFOPLIST_KEY_UIApplicationSupportsIndirectInputEvents = YES;
				INFOPLIST_KEY_UILaunchStoryboardName = LaunchScreen;
				INFOPLIST_KEY_UISupportedInterfaceOrientations = UIInterfaceOrientationPortrait;
				LD_RUNPATH_SEARCH_PATHS = (
					"$(inherited)",
					"@executable_path/Frameworks",
				);
				MARKETING_VERSION = 1.0;
				PRODUCT_BUNDLE_IDENTIFIER = com.viniciusbinder.NewsApp;
				PRODUCT_NAME = "$(TARGET_NAME)";
				SWIFT_EMIT_LOC_STRINGS = YES;
				SWIFT_VERSION = 5.0;
				TARGETED_DEVICE_FAMILY = "1,2";
			};
			name = Debug;
		};
		56401A422C57E80700D75659 /* Release */ = {
			isa = XCBuildConfiguration;
			buildSettings = {
				ASSETCATALOG_COMPILER_APPICON_NAME = AppIcon;
				ASSETCATALOG_COMPILER_GLOBAL_ACCENT_COLOR_NAME = AccentColor;
				CODE_SIGN_STYLE = Automatic;
				CURRENT_PROJECT_VERSION = 1;
				DEVELOPMENT_TEAM = 5MSP4455P9;
				GENERATE_INFOPLIST_FILE = YES;
				INFOPLIST_FILE = NewsApp/Info.plist;
				INFOPLIST_KEY_UIApplicationSupportsIndirectInputEvents = YES;
				INFOPLIST_KEY_UILaunchStoryboardName = LaunchScreen;
				INFOPLIST_KEY_UISupportedInterfaceOrientations = UIInterfaceOrientationPortrait;
				LD_RUNPATH_SEARCH_PATHS = (
					"$(inherited)",
					"@executable_path/Frameworks",
				);
				MARKETING_VERSION = 1.0;
				PRODUCT_BUNDLE_IDENTIFIER = com.viniciusbinder.NewsApp;
				PRODUCT_NAME = "$(TARGET_NAME)";
				SWIFT_EMIT_LOC_STRINGS = YES;
				SWIFT_VERSION = 5.0;
				TARGETED_DEVICE_FAMILY = "1,2";
			};
			name = Release;
		};
		56401A442C57E80700D75659 /* Debug */ = {
			isa = XCBuildConfiguration;
			buildSettings = {
				ALWAYS_EMBED_SWIFT_STANDARD_LIBRARIES = YES;
				BUNDLE_LOADER = "$(TEST_HOST)";
				CODE_SIGN_STYLE = Automatic;
				CURRENT_PROJECT_VERSION = 1;
				DEVELOPMENT_TEAM = 5MSP4455P9;
				GENERATE_INFOPLIST_FILE = YES;
				IPHONEOS_DEPLOYMENT_TARGET = 17.5;
				MARKETING_VERSION = 1.0;
				PRODUCT_BUNDLE_IDENTIFIER = com.viniciusbinder.NewsAppTests;
				PRODUCT_NAME = "$(TARGET_NAME)";
				SWIFT_EMIT_LOC_STRINGS = NO;
				SWIFT_VERSION = 5.0;
				TARGETED_DEVICE_FAMILY = "1,2";
				TEST_HOST = "$(BUILT_PRODUCTS_DIR)/NewsApp.app/$(BUNDLE_EXECUTABLE_FOLDER_PATH)/NewsApp";
			};
			name = Debug;
		};
		56401A452C57E80700D75659 /* Release */ = {
			isa = XCBuildConfiguration;
			buildSettings = {
				ALWAYS_EMBED_SWIFT_STANDARD_LIBRARIES = YES;
				BUNDLE_LOADER = "$(TEST_HOST)";
				CODE_SIGN_STYLE = Automatic;
				CURRENT_PROJECT_VERSION = 1;
				DEVELOPMENT_TEAM = 5MSP4455P9;
				GENERATE_INFOPLIST_FILE = YES;
				IPHONEOS_DEPLOYMENT_TARGET = 17.5;
				MARKETING_VERSION = 1.0;
				PRODUCT_BUNDLE_IDENTIFIER = com.viniciusbinder.NewsAppTests;
				PRODUCT_NAME = "$(TARGET_NAME)";
				SWIFT_EMIT_LOC_STRINGS = NO;
				SWIFT_VERSION = 5.0;
				TARGETED_DEVICE_FAMILY = "1,2";
				TEST_HOST = "$(BUILT_PRODUCTS_DIR)/NewsApp.app/$(BUNDLE_EXECUTABLE_FOLDER_PATH)/NewsApp";
			};
			name = Release;
		};
		56401A472C57E80700D75659 /* Debug */ = {
			isa = XCBuildConfiguration;
			buildSettings = {
				ALWAYS_EMBED_SWIFT_STANDARD_LIBRARIES = YES;
				CODE_SIGN_STYLE = Automatic;
				CURRENT_PROJECT_VERSION = 1;
				DEVELOPMENT_TEAM = 5MSP4455P9;
				GENERATE_INFOPLIST_FILE = YES;
				MARKETING_VERSION = 1.0;
				PRODUCT_BUNDLE_IDENTIFIER = com.viniciusbinder.NewsAppUITests;
				PRODUCT_NAME = "$(TARGET_NAME)";
				SWIFT_EMIT_LOC_STRINGS = NO;
				SWIFT_VERSION = 5.0;
				TARGETED_DEVICE_FAMILY = "1,2";
				TEST_TARGET_NAME = NewsApp;
			};
			name = Debug;
		};
		56401A482C57E80700D75659 /* Release */ = {
			isa = XCBuildConfiguration;
			buildSettings = {
				ALWAYS_EMBED_SWIFT_STANDARD_LIBRARIES = YES;
				CODE_SIGN_STYLE = Automatic;
				CURRENT_PROJECT_VERSION = 1;
				DEVELOPMENT_TEAM = 5MSP4455P9;
				GENERATE_INFOPLIST_FILE = YES;
				MARKETING_VERSION = 1.0;
				PRODUCT_BUNDLE_IDENTIFIER = com.viniciusbinder.NewsAppUITests;
				PRODUCT_NAME = "$(TARGET_NAME)";
				SWIFT_EMIT_LOC_STRINGS = NO;
				SWIFT_VERSION = 5.0;
				TARGETED_DEVICE_FAMILY = "1,2";
				TEST_TARGET_NAME = NewsApp;
			};
			name = Release;
		};
/* End XCBuildConfiguration section */

/* Begin XCConfigurationList section */
		56401A0E2C57E80600D75659 /* Build configuration list for PBXProject "NewsApp" */ = {
			isa = XCConfigurationList;
			buildConfigurations = (
				56401A3E2C57E80700D75659 /* Debug */,
				56401A3F2C57E80700D75659 /* Release */,
			);
			defaultConfigurationIsVisible = 0;
			defaultConfigurationName = Release;
		};
		56401A402C57E80700D75659 /* Build configuration list for PBXNativeTarget "NewsApp" */ = {
			isa = XCConfigurationList;
			buildConfigurations = (
				56401A412C57E80700D75659 /* Debug */,
				56401A422C57E80700D75659 /* Release */,
			);
			defaultConfigurationIsVisible = 0;
			defaultConfigurationName = Release;
		};
		56401A432C57E80700D75659 /* Build configuration list for PBXNativeTarget "NewsAppTests" */ = {
			isa = XCConfigurationList;
			buildConfigurations = (
				56401A442C57E80700D75659 /* Debug */,
				56401A452C57E80700D75659 /* Release */,
			);
			defaultConfigurationIsVisible = 0;
			defaultConfigurationName = Release;
		};
		56401A462C57E80700D75659 /* Build configuration list for PBXNativeTarget "NewsAppUITests" */ = {
			isa = XCConfigurationList;
			buildConfigurations = (
				56401A472C57E80700D75659 /* Debug */,
				56401A482C57E80700D75659 /* Release */,
			);
			defaultConfigurationIsVisible = 0;
			defaultConfigurationName = Release;
		};
/* End XCConfigurationList section */

/* Begin XCVersionGroup section */
		56401A1F2C57E80600D75659 /* NewsApp.xcdatamodeld */ = {
			isa = XCVersionGroup;
			children = (
				56401A202C57E80600D75659 /* NewsApp.xcdatamodel */,
			);
			currentVersion = 56401A202C57E80600D75659 /* NewsApp.xcdatamodel */;
			path = NewsApp.xcdatamodeld;
			sourceTree = "<group>";
			versionGroupType = wrapper.xcdatamodel;
		};
/* End XCVersionGroup section */
	};
	rootObject = 56401A0B2C57E80600D75659 /* Project object */;
}
